
Microsoft Visual Studio Solution File, Format Version 12.00
# Visual Studio Version 16
VisualStudioVersion = 16.0.32901.82
MinimumVisualStudioVersion = 10.0.40219.1
Project("{FAE04EC0-301F-11D3-BF4B-00C04F79EFBC}") = "YukiFormAPP", "YukiFormAPP\YukiFormAPP.csproj", "{EB3865C5-27E2-4524-B850-64669B8E7D3A}"
EndProject
Global
	GlobalSection(SolutionConfigurationPlatforms) = preSolution
		Debug|Any CPU = Debug|Any CPU
		Release|Any CPU = Release|Any CPU
	EndGlobalSection
	GlobalSection(ProjectConfigurationPlatforms) = postSolution
		{EB3865C5-27E2-4524-B850-64669B8E7D3A}.Debug|Any CPU.ActiveCfg = Debug|Any CPU
		{EB3865C5-27E2-4524-B850-64669B8E7D3A}.Debug|Any CPU.Build.0 = Debug|Any CPU
		{EB3865C5-27E2-4524-B850-64669B8E7D3A}.Release|Any CPU.ActiveCfg = Release|Any CPU
		{EB3865C5-27E2-4524-B850-64669B8E7D3A}.Release|Any CPU.Build.0 = Release|Any CPU
	EndGlobalSection
	GlobalSection(SolutionProperties) = preSolution
		HideSolutionNode = FALSE
	EndGlobalSection
	GlobalSection(ExtensibilityGlobals) = postSolution
		SolutionGuid = {C50289CA-E432-471E-BE5E-1748C87834B3}
	EndGlobalSection
EndGlobal
